
Microsoft Visual Studio Solution File, Format Version 12.00
# Visual Studio Version 16
VisualStudioVersion = 16.0.30517.126
MinimumVisualStudioVersion = 10.0.40219.1
Project("{9A19103F-16F7-4668-BE54-9A1E7A4F7556}") = "ADO.NetDemo", "ADO.NetDemo\ADO.NetDemo.csproj", "{FC256324-ABF1-4D3B-A5FB-E8009F8D9FCA}"
EndProject
Project("{FAE04EC0-301F-11D3-BF4B-00C04F79EFBC}") = "EmployeePayrollServiceTest", "EmployeePayrollServiceTest\EmployeePayrollServiceTest.csproj", "{23750D90-81BF-4698-9FC9-86DAEE818E76}"
EndProject
Global
	GlobalSection(SolutionConfigurationPlatforms) = preSolution
		Debug|Any CPU = Debug|Any CPU
		Release|Any CPU = Release|Any CPU
	EndGlobalSection
	GlobalSection(ProjectConfigurationPlatforms) = postSolution
		{FC256324-ABF1-4D3B-A5FB-E8009F8D9FCA}.Debug|Any CPU.ActiveCfg = Debug|Any CPU
		{FC256324-ABF1-4D3B-A5FB-E8009F8D9FCA}.Debug|Any CPU.Build.0 = Debug|Any CPU
		{FC256324-ABF1-4D3B-A5FB-E8009F8D9FCA}.Release|Any CPU.ActiveCfg = Release|Any CPU
		{FC256324-ABF1-4D3B-A5FB-E8009F8D9FCA}.Release|Any CPU.Build.0 = Release|Any CPU
		{23750D90-81BF-4698-9FC9-86DAEE818E76}.Debug|Any CPU.ActiveCfg = Debug|Any CPU
		{23750D90-81BF-4698-9FC9-86DAEE818E76}.Debug|Any CPU.Build.0 = Debug|Any CPU
		{23750D90-81BF-4698-9FC9-86DAEE818E76}.Release|Any CPU.ActiveCfg = Release|Any CPU
		{23750D90-81BF-4698-9FC9-86DAEE818E76}.Release|Any CPU.Build.0 = Release|Any CPU
	EndGlobalSection
	GlobalSection(SolutionProperties) = preSolution
		HideSolutionNode = FALSE
	EndGlobalSection
	GlobalSection(ExtensibilityGlobals) = postSolution
		SolutionGuid = {CE330D80-6360-4396-AAC5-5CCE5422AA69}
	EndGlobalSection
EndGlobal
